// !$*UTF8*$!
{
	archiveVersion = 1;
	classes = {
	};
	objectVersion = 56;
	objects = {

/* Begin PBXBuildFile section */
		01F001000000000000000001 /* PasseportApp.swift in Sources */ = {isa = PBXBuildFile; fileRef = 01F000000000000000000001 /* PasseportApp.swift */; };
		01F001000000000000000002 /* CoreClient.swift in Sources */ = {isa = PBXBuildFile; fileRef = 01F000000000000000000002 /* CoreClient.swift */; };
		01F001000000000000000003 /* CoreLocator.swift in Sources */ = {isa = PBXBuildFile; fileRef = 01F000000000000000000003 /* CoreLocator.swift */; };
		01F001000000000000000004 /* DerivedIdentity.swift in Sources */ = {isa = PBXBuildFile; fileRef = 01F000000000000000000004 /* DerivedIdentity.swift */; };
		01F001000000000000000005 /* PasseportError.swift in Sources */ = {isa = PBXBuildFile; fileRef = 01F000000000000000000005 /* PasseportError.swift */; };
		01F00100000000000000000A /* AppModel.swift in Sources */ = {isa = PBXBuildFile; fileRef = 01F00000000000000000000A /* AppModel.swift */; };
		01F00100000000000000000D /* ContentView.swift in Sources */ = {isa = PBXBuildFile; fileRef = 01F00000000000000000000D /* ContentView.swift */; };
		01F00100000000000000000E /* KeyDetailView.swift in Sources */ = {isa = PBXBuildFile; fileRef = 01F00000000000000000000E /* KeyDetailView.swift */; };
		01F001000000000000000010 /* ScdBridge.swift in Sources */ = {isa = PBXBuildFile; fileRef = 01F000000000000000000010 /* ScdBridge.swift */; };
		01F001000000000000000012 /* GnuPGConfigurator.swift in Sources */ = {isa = PBXBuildFile; fileRef = 01F000000000000000000012 /* GnuPGConfigurator.swift */; };
		01F001000000000000000013 /* SeedBackup.swift in Sources */ = {isa = PBXBuildFile; fileRef = 01F000000000000000000013 /* SeedBackup.swift */; };
		01F001000000000000000014 /* DeterminismCheck.swift in Sources */ = {isa = PBXBuildFile; fileRef = 01F000000000000000000014 /* DeterminismCheck.swift */; };
		01F001000000000000000015 /* GitConfigurator.swift in Sources */ = {isa = PBXBuildFile; fileRef = 01F000000000000000000015 /* GitConfigurator.swift */; };
		01F001000000000000000016 /* LaunchAgentInstaller.swift in Sources */ = {isa = PBXBuildFile; fileRef = 01F000000000000000000016 /* LaunchAgentInstaller.swift */; };
		01F001000000000000000017 /* OperationApprovalView.swift in Sources */ = {isa = PBXBuildFile; fileRef = 01F000000000000000000017 /* OperationApprovalView.swift */; };
		01F001000000000000000018 /* Hex.swift in Sources */ = {isa = PBXBuildFile; fileRef = 01F000000000000000000018 /* Hex.swift */; };
		01F00100000000000000001E /* OperationMetadata.swift in Sources */ = {isa = PBXBuildFile; fileRef = 01F00000000000000000001E /* OperationMetadata.swift */; };
		01F00100000000000000001F /* PublicCardCache.swift in Sources */ = {isa = PBXBuildFile; fileRef = 01F00000000000000000001F /* PublicCardCache.swift */; };
		01F001000000000000000020 /* SSHAgentServer.swift in Sources */ = {isa = PBXBuildFile; fileRef = 01F000000000000000000020 /* SSHAgentServer.swift */; };
		01F001000000000000000030 /* SSHConfigurator.swift in Sources */ = {isa = PBXBuildFile; fileRef = 01F000000000000000000030 /* SSHConfigurator.swift */; };
		01F001000000000000000031 /* AgeConfigurator.swift in Sources */ = {isa = PBXBuildFile; fileRef = 01F000000000000000000031 /* AgeConfigurator.swift */; };
		01F001000000000000000040 /* ToolingInstaller.swift in Sources */ = {isa = PBXBuildFile; fileRef = 01F000000000000000000040 /* ToolingInstaller.swift */; };
		01F001000000000000000041 /* MinisignConfigurator.swift in Sources */ = {isa = PBXBuildFile; fileRef = 01F000000000000000000041 /* MinisignConfigurator.swift */; };
		01F001000000000000000042 /* GnuFreeGPGConfigurator.swift in Sources */ = {isa = PBXBuildFile; fileRef = 01F000000000000000000042 /* GnuFreeGPGConfigurator.swift */; };
		01F001000000000000000043 /* IntegrationTester.swift in Sources */ = {isa = PBXBuildFile; fileRef = 01F000000000000000000043 /* IntegrationTester.swift */; };
		01F001000000000000000021 /* ClassificationTests.swift in Sources */ = {isa = PBXBuildFile; fileRef = 01F000000000000000000021 /* ClassificationTests.swift */; };
		01F001000000000000000022 /* GnuPGConfiguratorTests.swift in Sources */ = {isa = PBXBuildFile; fileRef = 01F000000000000000000022 /* GnuPGConfiguratorTests.swift */; };
		01F001000000000000000050 /* PasseportUITests.swift in Sources */ = {isa = PBXBuildFile; fileRef = 01F000000000000000000050 /* PasseportUITests.swift */; };
		90CC102A2FFD5BE1009F3881 /* SeedStore.swift in Sources */ = {isa = PBXBuildFile; fileRef = 90CC10292FFD5BE1009F3881 /* SeedStore.swift */; };
		01F00100000000000000001A /* Passeport.icon in Resources */ = {isa = PBXBuildFile; fileRef = 904746D62FFD9EFE0033B1CE /* Passeport.icon */; };
		01F00100000000000000001B /* Media.xcassets in Resources */ = {isa = PBXBuildFile; fileRef = 01F00000000000000000001C /* Media.xcassets */; };
		01F001000000000000000044 /* Passeport.help in Resources */ = {isa = PBXBuildFile; fileRef = 01F000000000000000000044 /* Passeport.help */; };
		01F00100000000000000001D /* OperationAuditLog.swift in Sources */ = {isa = PBXBuildFile; fileRef = 01F00000000000000000001D /* OperationAuditLog.swift */; };
/* End PBXBuildFile section */

/* Begin PBXContainerItemProxy section */
		01F00B000000000000000001 /* PBXContainerItemProxy */ = {
			isa = PBXContainerItemProxy;
			containerPortal = 01F005000000000000000001 /* Project object */;
			proxyType = 1;
			remoteGlobalIDString = 01F004000000000000000001;
			remoteInfo = Passeport;
		};
		01F00B000000000000000002 /* PBXContainerItemProxy */ = {
			isa = PBXContainerItemProxy;
			containerPortal = 01F005000000000000000001 /* Project object */;
			proxyType = 1;
			remoteGlobalIDString = 01F004000000000000000001;
			remoteInfo = Passeport;
		};
/* End PBXContainerItemProxy section */

/* Begin PBXFileReference section */
		01F000000000000000000001 /* PasseportApp.swift */ = {isa = PBXFileReference; lastKnownFileType = sourcecode.swift; path = PasseportApp.swift; sourceTree = "<group>"; };
		01F000000000000000000002 /* CoreClient.swift */ = {isa = PBXFileReference; lastKnownFileType = sourcecode.swift; path = CoreClient.swift; sourceTree = "<group>"; };
		01F000000000000000000003 /* CoreLocator.swift */ = {isa = PBXFileReference; lastKnownFileType = sourcecode.swift; path = CoreLocator.swift; sourceTree = "<group>"; };
		01F000000000000000000004 /* DerivedIdentity.swift */ = {isa = PBXFileReference; lastKnownFileType = sourcecode.swift; path = DerivedIdentity.swift; sourceTree = "<group>"; };
		01F000000000000000000005 /* PasseportError.swift */ = {isa = PBXFileReference; lastKnownFileType = sourcecode.swift; path = PasseportError.swift; sourceTree = "<group>"; };
		01F00000000000000000000A /* AppModel.swift */ = {isa = PBXFileReference; lastKnownFileType = sourcecode.swift; path = AppModel.swift; sourceTree = "<group>"; };
		01F00000000000000000000D /* ContentView.swift */ = {isa = PBXFileReference; lastKnownFileType = sourcecode.swift; path = ContentView.swift; sourceTree = "<group>"; };
		01F00000000000000000000E /* KeyDetailView.swift */ = {isa = PBXFileReference; lastKnownFileType = sourcecode.swift; path = KeyDetailView.swift; sourceTree = "<group>"; };
		01F00000000000000000000F /* Info.plist */ = {isa = PBXFileReference; lastKnownFileType = text.plist.xml; path = Info.plist; sourceTree = "<group>"; };
		01F000000000000000000010 /* ScdBridge.swift */ = {isa = PBXFileReference; lastKnownFileType = sourcecode.swift; path = ScdBridge.swift; sourceTree = "<group>"; };
		01F000000000000000000011 /* Passeport.app */ = {isa = PBXFileReference; explicitFileType = wrapper.application; includeInIndex = 0; path = Passeport.app; sourceTree = BUILT_PRODUCTS_DIR; };
		01F000000000000000000012 /* GnuPGConfigurator.swift */ = {isa = PBXFileReference; lastKnownFileType = sourcecode.swift; path = GnuPGConfigurator.swift; sourceTree = "<group>"; };
		01F000000000000000000013 /* SeedBackup.swift */ = {isa = PBXFileReference; lastKnownFileType = sourcecode.swift; path = SeedBackup.swift; sourceTree = "<group>"; };
		01F000000000000000000014 /* DeterminismCheck.swift */ = {isa = PBXFileReference; lastKnownFileType = sourcecode.swift; path = DeterminismCheck.swift; sourceTree = "<group>"; };
		01F000000000000000000015 /* GitConfigurator.swift */ = {isa = PBXFileReference; lastKnownFileType = sourcecode.swift; path = GitConfigurator.swift; sourceTree = "<group>"; };
		01F000000000000000000016 /* LaunchAgentInstaller.swift */ = {isa = PBXFileReference; lastKnownFileType = sourcecode.swift; path = LaunchAgentInstaller.swift; sourceTree = "<group>"; };
		01F000000000000000000017 /* OperationApprovalView.swift */ = {isa = PBXFileReference; lastKnownFileType = sourcecode.swift; path = OperationApprovalView.swift; sourceTree = "<group>"; };
		01F000000000000000000018 /* Hex.swift */ = {isa = PBXFileReference; lastKnownFileType = sourcecode.swift; path = Hex.swift; sourceTree = "<group>"; };
		01F00000000000000000001E /* OperationMetadata.swift */ = {isa = PBXFileReference; lastKnownFileType = sourcecode.swift; path = OperationMetadata.swift; sourceTree = "<group>"; };
		01F00000000000000000001F /* PublicCardCache.swift */ = {isa = PBXFileReference; lastKnownFileType = sourcecode.swift; path = PublicCardCache.swift; sourceTree = "<group>"; };
		01F000000000000000000020 /* SSHAgentServer.swift */ = {isa = PBXFileReference; lastKnownFileType = sourcecode.swift; path = SSHAgentServer.swift; sourceTree = "<group>"; };
		01F000000000000000000030 /* SSHConfigurator.swift */ = {isa = PBXFileReference; lastKnownFileType = sourcecode.swift; path = SSHConfigurator.swift; sourceTree = "<group>"; };
		01F000000000000000000031 /* AgeConfigurator.swift */ = {isa = PBXFileReference; lastKnownFileType = sourcecode.swift; path = AgeConfigurator.swift; sourceTree = "<group>"; };
		01F000000000000000000040 /* ToolingInstaller.swift */ = {isa = PBXFileReference; lastKnownFileType = sourcecode.swift; path = ToolingInstaller.swift; sourceTree = "<group>"; };
		01F000000000000000000041 /* MinisignConfigurator.swift */ = {isa = PBXFileReference; lastKnownFileType = sourcecode.swift; path = MinisignConfigurator.swift; sourceTree = "<group>"; };
		01F000000000000000000042 /* GnuFreeGPGConfigurator.swift */ = {isa = PBXFileReference; lastKnownFileType = sourcecode.swift; path = GnuFreeGPGConfigurator.swift; sourceTree = "<group>"; };
		01F000000000000000000043 /* IntegrationTester.swift */ = {isa = PBXFileReference; lastKnownFileType = sourcecode.swift; path = IntegrationTester.swift; sourceTree = "<group>"; };
		01F00000000000000000001D /* OperationAuditLog.swift */ = {isa = PBXFileReference; lastKnownFileType = sourcecode.swift; path = OperationAuditLog.swift; sourceTree = "<group>"; };
		01F000000000000000000021 /* ClassificationTests.swift */ = {isa = PBXFileReference; lastKnownFileType = sourcecode.swift; path = ClassificationTests.swift; sourceTree = "<group>"; };
		01F000000000000000000022 /* GnuPGConfiguratorTests.swift */ = {isa = PBXFileReference; lastKnownFileType = sourcecode.swift; path = GnuPGConfiguratorTests.swift; sourceTree = "<group>"; };
		01F000000000000000000023 /* PasseportTests.xctest */ = {isa = PBXFileReference; explicitFileType = wrapper.cfbundle; includeInIndex = 0; path = PasseportTests.xctest; sourceTree = BUILT_PRODUCTS_DIR; };
		01F000000000000000000050 /* PasseportUITests.swift */ = {isa = PBXFileReference; lastKnownFileType = sourcecode.swift; path = PasseportUITests.swift; sourceTree = "<group>"; };
		01F000000000000000000051 /* PasseportUITests.xctest */ = {isa = PBXFileReference; explicitFileType = wrapper.cfbundle; includeInIndex = 0; path = PasseportUITests.xctest; sourceTree = BUILT_PRODUCTS_DIR; };
		904746D62FFD9EFE0033B1CE /* Passeport.icon */ = {isa = PBXFileReference; lastKnownFileType = folder.iconcomposer.icon; path = Passeport.icon; sourceTree = "<group>"; };
		01F00000000000000000001C /* Media.xcassets */ = {isa = PBXFileReference; lastKnownFileType = folder.assetcatalog; path = Media.xcassets; sourceTree = "<group>"; };
		01F000000000000000000044 /* Passeport.help */ = {isa = PBXFileReference; lastKnownFileType = wrapper.cfbundle; path = Passeport.help; sourceTree = "<group>"; };
		90CC10292FFD5BE1009F3881 /* SeedStore.swift */ = {isa = PBXFileReference; lastKnownFileType = sourcecode.swift; path = SeedStore.swift; sourceTree = "<group>"; };
/* End PBXFileReference section */

/* Begin PBXFrameworksBuildPhase section */
		01F002000000000000000001 /* Frameworks */ = {
			isa = PBXFrameworksBuildPhase;
			buildActionMask = 2147483647;
			files = (
			);
			runOnlyForDeploymentPostprocessing = 0;
		};
		01F002000000000000000002 /* Frameworks */ = {
			isa = PBXFrameworksBuildPhase;
			buildActionMask = 2147483647;
			files = (
			);
			runOnlyForDeploymentPostprocessing = 0;
		};
		01F002000000000000000003 /* Frameworks */ = {
			isa = PBXFrameworksBuildPhase;
			buildActionMask = 2147483647;
			files = (
			);
			runOnlyForDeploymentPostprocessing = 0;
		};
/* End PBXFrameworksBuildPhase section */

/* Begin PBXGroup section */
		01F003000000000000000001 = {
			isa = PBXGroup;
			children = (
				01F003000000000000000003 /* Sources/PasseportApp */,
				01F003000000000000000022 /* Tests/PasseportTests */,
				01F003000000000000000050 /* Tests/PasseportUITests */,
				01F003000000000000000009 /* Resources */,
				01F00300000000000000000A /* Products */,
			);
			sourceTree = "<group>";
		};
		01F003000000000000000003 /* Sources/PasseportApp */ = {
			isa = PBXGroup;
			children = (
				01F003000000000000000004 /* App */,
				01F003000000000000000005 /* Core */,
				01F003000000000000000023 /* Bridge */,
				01F003000000000000000024 /* Integrations */,
				01F003000000000000000006 /* Keychain */,
				01F003000000000000000007 /* State */,
				01F003000000000000000008 /* Views */,
				01F003000000000000000021 /* Support */,
			);
			path = Sources/PasseportApp;
			sourceTree = "<group>";
		};
		01F003000000000000000004 /* App */ = {
			isa = PBXGroup;
			children = (
				01F000000000000000000001 /* PasseportApp.swift */,
			);
			path = App;
			sourceTree = "<group>";
		};
		01F003000000000000000005 /* Core */ = {
			isa = PBXGroup;
			children = (
				01F000000000000000000002 /* CoreClient.swift */,
				01F000000000000000000003 /* CoreLocator.swift */,
				01F000000000000000000004 /* DerivedIdentity.swift */,
				01F000000000000000000005 /* PasseportError.swift */,
				01F00000000000000000001E /* OperationMetadata.swift */,
				01F000000000000000000014 /* DeterminismCheck.swift */,
			);
			path = Core;
			sourceTree = "<group>";
		};
		01F003000000000000000006 /* Keychain */ = {
			isa = PBXGroup;
			children = (
				90CC10292FFD5BE1009F3881 /* SeedStore.swift */,
				01F000000000000000000013 /* SeedBackup.swift */,
			);
			path = Keychain;
			sourceTree = "<group>";
		};
		01F003000000000000000007 /* State */ = {
			isa = PBXGroup;
			children = (
				01F00000000000000000000A /* AppModel.swift */,
				01F00000000000000000001D /* OperationAuditLog.swift */,
			);
			path = State;
			sourceTree = "<group>";
		};
		01F003000000000000000008 /* Views */ = {
			isa = PBXGroup;
			children = (
				01F00000000000000000000D /* ContentView.swift */,
				01F00000000000000000000E /* KeyDetailView.swift */,
				01F000000000000000000017 /* OperationApprovalView.swift */,
			);
			path = Views;
			sourceTree = "<group>";
		};
		01F003000000000000000009 /* Resources */ = {
			isa = PBXGroup;
			children = (
				904746D62FFD9EFE0033B1CE /* Passeport.icon */,
				01F00000000000000000001C /* Media.xcassets */,
				01F000000000000000000044 /* Passeport.help */,
				01F00000000000000000000F /* Info.plist */,
			);
			path = Resources;
			sourceTree = "<group>";
		};
		01F00300000000000000000A /* Products */ = {
			isa = PBXGroup;
			children = (
				01F000000000000000000011 /* Passeport.app */,
				01F000000000000000000023 /* PasseportTests.xctest */,
				01F000000000000000000051 /* PasseportUITests.xctest */,
			);
			name = Products;
			sourceTree = "<group>";
		};
		01F003000000000000000021 /* Support */ = {
			isa = PBXGroup;
			children = (
				01F000000000000000000018 /* Hex.swift */,
			);
			path = Support;
			sourceTree = "<group>";
		};
		01F003000000000000000022 /* Tests/PasseportTests */ = {
			isa = PBXGroup;
			children = (
				01F000000000000000000021 /* ClassificationTests.swift */,
				01F000000000000000000022 /* GnuPGConfiguratorTests.swift */,
			);
			path = Tests/PasseportTests;
			sourceTree = "<group>";
		};
		01F003000000000000000050 /* Tests/PasseportUITests */ = {
			isa = PBXGroup;
			children = (
				01F000000000000000000050 /* PasseportUITests.swift */,
			);
			path = Tests/PasseportUITests;
			sourceTree = "<group>";
		};
		01F003000000000000000023 /* Bridge */ = {
			isa = PBXGroup;
			children = (
				01F000000000000000000010 /* ScdBridge.swift */,
				01F00000000000000000001F /* PublicCardCache.swift */,
				01F000000000000000000020 /* SSHAgentServer.swift */,
			);
			path = Bridge;
			sourceTree = "<group>";
		};
		01F003000000000000000024 /* Integrations */ = {
			isa = PBXGroup;
			children = (
				01F000000000000000000012 /* GnuPGConfigurator.swift */,
				01F000000000000000000030 /* SSHConfigurator.swift */,
				01F000000000000000000031 /* AgeConfigurator.swift */,
				01F000000000000000000015 /* GitConfigurator.swift */,
				01F000000000000000000016 /* LaunchAgentInstaller.swift */,
				01F000000000000000000040 /* ToolingInstaller.swift */,
				01F000000000000000000041 /* MinisignConfigurator.swift */,
				01F000000000000000000042 /* GnuFreeGPGConfigurator.swift */,
				01F000000000000000000043 /* IntegrationTester.swift */,
			);
			path = Integrations;
			sourceTree = "<group>";
		};
/* End PBXGroup section */

/* Begin PBXNativeTarget section */
		01F004000000000000000001 /* Passeport */ = {
			isa = PBXNativeTarget;
			buildConfigurationList = 01F008000000000000000002 /* Build configuration list for PBXNativeTarget "Passeport" */;
			buildPhases = (
				01F006000000000000000001 /* Sources */,
				01F002000000000000000001 /* Frameworks */,
				01F00C000000000000000001 /* Resources */,
				01F007000000000000000001 /* Build Rust Helper */,
			);
			buildRules = (
			);
			dependencies = (
			);
			name = Passeport;
			productName = Passeport;
			productReference = 01F000000000000000000011 /* Passeport.app */;
			productType = "com.apple.product-type.application";
		};
		01F004000000000000000002 /* PasseportTests */ = {
			isa = PBXNativeTarget;
			buildConfigurationList = 01F008000000000000000003 /* Build configuration list for PBXNativeTarget "PasseportTests" */;
			buildPhases = (
				01F006000000000000000002 /* Sources */,
				01F002000000000000000002 /* Frameworks */,
			);
			buildRules = (
			);
			dependencies = (
				01F00A000000000000000001 /* PBXTargetDependency */,
			);
			name = PasseportTests;
			productName = PasseportTests;
			productReference = 01F000000000000000000023 /* PasseportTests.xctest */;
			productType = "com.apple.product-type.bundle.unit-test";
		};
		01F004000000000000000003 /* PasseportUITests */ = {
			isa = PBXNativeTarget;
			buildConfigurationList = 01F008000000000000000004 /* Build configuration list for PBXNativeTarget "PasseportUITests" */;
			buildPhases = (
				01F006000000000000000003 /* Sources */,
				01F002000000000000000003 /* Frameworks */,
			);
			buildRules = (
			);
			dependencies = (
				01F00A000000000000000002 /* PBXTargetDependency */,
			);
			name = PasseportUITests;
			productName = PasseportUITests;
			productReference = 01F000000000000000000051 /* PasseportUITests.xctest */;
			productType = "com.apple.product-type.bundle.ui-testing";
		};
/* End PBXNativeTarget section */

/* Begin PBXProject section */
		01F005000000000000000001 /* Project object */ = {
			isa = PBXProject;
			attributes = {
				LastSwiftUpdateCheck = 2660;
				LastUpgradeCheck = 2660;
				TargetAttributes = {
					01F004000000000000000001 = {
						CreatedOnToolsVersion = 26.6;
					};
					01F004000000000000000003 = {
						CreatedOnToolsVersion = 26.6;
						TestTargetID = 01F004000000000000000001;
					};
				};
			};
			buildConfigurationList = 01F008000000000000000001 /* Build configuration list for PBXProject "Passeport" */;
			compatibilityVersion = "Xcode 14.0";
			developmentRegion = en;
			hasScannedForEncodings = 0;
			knownRegions = (
				en,
				Base,
			);
			mainGroup = 01F003000000000000000001;
			productRefGroup = 01F00300000000000000000A /* Products */;
			projectDirPath = "";
			projectRoot = "";
			targets = (
				01F004000000000000000001 /* Passeport */,
				01F004000000000000000002 /* PasseportTests */,
				01F004000000000000000003 /* PasseportUITests */,
			);
		};
/* End PBXProject section */

/* Begin PBXShellScriptBuildPhase section */
		01F007000000000000000001 /* Build Rust Helper */ = {
			isa = PBXShellScriptBuildPhase;
			alwaysOutOfDate = 1;
			buildActionMask = 2147483647;
			files = (
			);
			inputFileListPaths = (
			);
			inputPaths = (
			);
			name = "Build Rust Helper";
			outputFileListPaths = (
			);
			outputPaths = (
				"$(TARGET_BUILD_DIR)/$(CONTENTS_FOLDER_PATH)/Helpers/passeport-core",
			);
			runOnlyForDeploymentPostprocessing = 0;
			shellPath = /bin/sh;
			shellScript = "/bin/sh \"${SRCROOT}/scripts/build-rust-helper.sh\"\n";
		};
/* End PBXShellScriptBuildPhase section */

/* Begin PBXResourcesBuildPhase section */
		01F00C000000000000000001 /* Resources */ = {
			isa = PBXResourcesBuildPhase;
			buildActionMask = 2147483647;
			files = (
					01F00100000000000000001A /* Passeport.icon in Resources */,
					01F00100000000000000001B /* Media.xcassets in Resources */,
					01F001000000000000000044 /* Passeport.help in Resources */,
			);
			runOnlyForDeploymentPostprocessing = 0;
		};
/* End PBXResourcesBuildPhase section */

/* Begin PBXSourcesBuildPhase section */
		01F006000000000000000001 /* Sources */ = {
			isa = PBXSourcesBuildPhase;
			buildActionMask = 2147483647;
				files = (
					01F001000000000000000001 /* PasseportApp.swift in Sources */,
					01F001000000000000000002 /* CoreClient.swift in Sources */,
					01F001000000000000000003 /* CoreLocator.swift in Sources */,
					01F001000000000000000004 /* DerivedIdentity.swift in Sources */,
					01F001000000000000000005 /* PasseportError.swift in Sources */,
					01F00100000000000000001E /* OperationMetadata.swift in Sources */,
					01F00100000000000000000A /* AppModel.swift in Sources */,
					01F00100000000000000001D /* OperationAuditLog.swift in Sources */,
					90CC102A2FFD5BE1009F3881 /* SeedStore.swift in Sources */,
				01F001000000000000000010 /* ScdBridge.swift in Sources */,
				01F00100000000000000001F /* PublicCardCache.swift in Sources */,
				01F001000000000000000020 /* SSHAgentServer.swift in Sources */,
				01F001000000000000000030 /* SSHConfigurator.swift in Sources */,
				01F001000000000000000031 /* AgeConfigurator.swift in Sources */,
				01F001000000000000000040 /* ToolingInstaller.swift in Sources */,
				01F001000000000000000041 /* MinisignConfigurator.swift in Sources */,
				01F001000000000000000042 /* GnuFreeGPGConfigurator.swift in Sources */,
				01F001000000000000000043 /* IntegrationTester.swift in Sources */,
				01F001000000000000000012 /* GnuPGConfigurator.swift in Sources */,
				01F001000000000000000013 /* SeedBackup.swift in Sources */,
				01F001000000000000000014 /* DeterminismCheck.swift in Sources */,
				01F001000000000000000015 /* GitConfigurator.swift in Sources */,
				01F001000000000000000016 /* LaunchAgentInstaller.swift in Sources */,
				01F00100000000000000000D /* ContentView.swift in Sources */,
				01F00100000000000000000E /* KeyDetailView.swift in Sources */,
				01F001000000000000000017 /* OperationApprovalView.swift in Sources */,
				01F001000000000000000018 /* Hex.swift in Sources */,
			);
			runOnlyForDeploymentPostprocessing = 0;
		};
		01F006000000000000000002 /* Sources */ = {
			isa = PBXSourcesBuildPhase;
			buildActionMask = 2147483647;
			files = (
				01F001000000000000000021 /* ClassificationTests.swift in Sources */,
				01F001000000000000000022 /* GnuPGConfiguratorTests.swift in Sources */,
			);
			runOnlyForDeploymentPostprocessing = 0;
		};
		01F006000000000000000003 /* Sources */ = {
			isa = PBXSourcesBuildPhase;
			buildActionMask = 2147483647;
			files = (
				01F001000000000000000050 /* PasseportUITests.swift in Sources */,
			);
			runOnlyForDeploymentPostprocessing = 0;
		};
/* End PBXSourcesBuildPhase section */

/* Begin PBXTargetDependency section */
		01F00A000000000000000001 /* PBXTargetDependency */ = {
			isa = PBXTargetDependency;
			target = 01F004000000000000000001 /* Passeport */;
			targetProxy = 01F00B000000000000000001 /* PBXContainerItemProxy */;
		};
		01F00A000000000000000002 /* PBXTargetDependency */ = {
			isa = PBXTargetDependency;
			target = 01F004000000000000000001 /* Passeport */;
			targetProxy = 01F00B000000000000000002 /* PBXContainerItemProxy */;
		};
/* End PBXTargetDependency section */

/* Begin XCBuildConfiguration section */
		01F009000000000000000001 /* Debug */ = {
			isa = XCBuildConfiguration;
			buildSettings = {
				ALWAYS_SEARCH_USER_PATHS = NO;
				CLANG_ANALYZER_NONNULL = YES;
				CLANG_ANALYZER_NUMBER_OBJECT_CONVERSION = YES_AGGRESSIVE;
				CLANG_ENABLE_MODULES = YES;
				CLANG_ENABLE_OBJC_ARC = YES;
				CLANG_ENABLE_OBJC_WEAK = YES;
				CLANG_WARN_BLOCK_CAPTURE_AUTORELEASING = YES;
				CLANG_WARN_BOOL_CONVERSION = YES;
				CLANG_WARN_COMMA = YES;
				CLANG_WARN_CONSTANT_CONVERSION = YES;
				CLANG_WARN_DEPRECATED_OBJC_IMPLEMENTATIONS = YES;
				CLANG_WARN_DIRECT_OBJC_ISA_USAGE = YES_ERROR;
				CLANG_WARN_DOCUMENTATION_COMMENTS = YES;
				CLANG_WARN_EMPTY_BODY = YES;
				CLANG_WARN_ENUM_CONVERSION = YES;
				CLANG_WARN_INFINITE_RECURSION = YES;
				CLANG_WARN_INT_CONVERSION = YES;
				CLANG_WARN_NON_LITERAL_NULL_CONVERSION = YES;
				CLANG_WARN_OBJC_IMPLICIT_RETAIN_SELF = YES;
				CLANG_WARN_OBJC_LITERAL_CONVERSION = YES;
				CLANG_WARN_OBJC_ROOT_CLASS = YES_ERROR;
				CLANG_WARN_QUOTED_INCLUDE_IN_FRAMEWORK_HEADER = YES;
				CLANG_WARN_RANGE_LOOP_ANALYSIS = YES;
				CLANG_WARN_STRICT_PROTOTYPES = YES;
				CLANG_WARN_SUSPICIOUS_MOVE = YES;
				CLANG_WARN_UNGUARDED_AVAILABILITY = YES_AGGRESSIVE;
				CLANG_WARN_UNREACHABLE_CODE = YES;
				CLANG_WARN__DUPLICATE_METHOD_MATCH = YES;
				COPY_PHASE_STRIP = NO;
				DEBUG_INFORMATION_FORMAT = dwarf;
				ENABLE_STRICT_OBJC_MSGSEND = YES;
				ENABLE_TESTABILITY = YES;
				GCC_C_LANGUAGE_STANDARD = gnu17;
				GCC_DYNAMIC_NO_PIC = NO;
				GCC_NO_COMMON_BLOCKS = YES;
				GCC_OPTIMIZATION_LEVEL = 0;
				GCC_PREPROCESSOR_DEFINITIONS = (
					"DEBUG=1",
					"$(inherited)",
				);
				GCC_WARN_64_TO_32_BIT_CONVERSION = YES;
				GCC_WARN_ABOUT_RETURN_TYPE = YES_ERROR;
				GCC_WARN_UNDECLARED_SELECTOR = YES;
				GCC_WARN_UNINITIALIZED_AUTOS = YES_AGGRESSIVE;
				GCC_WARN_UNUSED_FUNCTION = YES;
				GCC_WARN_UNUSED_VARIABLE = YES;
				MACOSX_DEPLOYMENT_TARGET = 26.0;
				MTL_ENABLE_DEBUG_INFO = INCLUDE_SOURCE;
				ONLY_ACTIVE_ARCH = YES;
				SDKROOT = macosx;
				SWIFT_ACTIVE_COMPILATION_CONDITIONS = DEBUG;
				SWIFT_OPTIMIZATION_LEVEL = "-Onone";
			};
			name = Debug;
		};
		01F009000000000000000002 /* Release */ = {
			isa = XCBuildConfiguration;
			buildSettings = {
				ALWAYS_SEARCH_USER_PATHS = NO;
				CLANG_ANALYZER_NONNULL = YES;
				CLANG_ANALYZER_NUMBER_OBJECT_CONVERSION = YES_AGGRESSIVE;
				CLANG_ENABLE_MODULES = YES;
				CLANG_ENABLE_OBJC_ARC = YES;
				CLANG_ENABLE_OBJC_WEAK = YES;
				CLANG_WARN_BLOCK_CAPTURE_AUTORELEASING = YES;
				CLANG_WARN_BOOL_CONVERSION = YES;
				CLANG_WARN_COMMA = YES;
				CLANG_WARN_CONSTANT_CONVERSION = YES;
				CLANG_WARN_DEPRECATED_OBJC_IMPLEMENTATIONS = YES;
				CLANG_WARN_DIRECT_OBJC_ISA_USAGE = YES_ERROR;
				CLANG_WARN_DOCUMENTATION_COMMENTS = YES;
				CLANG_WARN_EMPTY_BODY = YES;
				CLANG_WARN_ENUM_CONVERSION = YES;
				CLANG_WARN_INFINITE_RECURSION = YES;
				CLANG_WARN_INT_CONVERSION = YES;
				CLANG_WARN_NON_LITERAL_NULL_CONVERSION = YES;
				CLANG_WARN_OBJC_IMPLICIT_RETAIN_SELF = YES;
				CLANG_WARN_OBJC_LITERAL_CONVERSION = YES;
				CLANG_WARN_OBJC_ROOT_CLASS = YES_ERROR;
				CLANG_WARN_QUOTED_INCLUDE_IN_FRAMEWORK_HEADER = YES;
				CLANG_WARN_RANGE_LOOP_ANALYSIS = YES;
				CLANG_WARN_STRICT_PROTOTYPES = YES;
				CLANG_WARN_SUSPICIOUS_MOVE = YES;
				CLANG_WARN_UNGUARDED_AVAILABILITY = YES_AGGRESSIVE;
				CLANG_WARN_UNREACHABLE_CODE = YES;
				CLANG_WARN__DUPLICATE_METHOD_MATCH = YES;
				COPY_PHASE_STRIP = NO;
				DEBUG_INFORMATION_FORMAT = "dwarf-with-dsym";
				ENABLE_NS_ASSERTIONS = NO;
				ENABLE_STRICT_OBJC_MSGSEND = YES;
				GCC_C_LANGUAGE_STANDARD = gnu17;
				GCC_NO_COMMON_BLOCKS = YES;
				GCC_WARN_64_TO_32_BIT_CONVERSION = YES;
				GCC_WARN_ABOUT_RETURN_TYPE = YES_ERROR;
				GCC_WARN_UNDECLARED_SELECTOR = YES;
				GCC_WARN_UNINITIALIZED_AUTOS = YES_AGGRESSIVE;
				GCC_WARN_UNUSED_FUNCTION = YES;
				GCC_WARN_UNUSED_VARIABLE = YES;
				MACOSX_DEPLOYMENT_TARGET = 26.0;
				MTL_ENABLE_DEBUG_INFO = NO;
				SDKROOT = macosx;
				SWIFT_COMPILATION_MODE = wholemodule;
				SWIFT_OPTIMIZATION_LEVEL = "-O";
			};
			name = Release;
		};
		01F009000000000000000003 /* Debug */ = {
			isa = XCBuildConfiguration;
			buildSettings = {
				ASSETCATALOG_COMPILER_APPICON_NAME = Passeport;
				ASSETCATALOG_COMPILER_INCLUDE_ALL_APPICON_ASSETS = YES;
				AUTOMATION_APPLE_EVENTS = NO;
				CODE_SIGN_IDENTITY = "Apple Development";
				"CODE_SIGN_IDENTITY[sdk=macosx*]" = "Apple Development";
				CODE_SIGN_STYLE = Automatic;
				COMBINE_HIDPI_IMAGES = YES;
				DEVELOPMENT_TEAM = XXM852QKZ8;
				ENABLE_HARDENED_RUNTIME = NO;
				ENABLE_RESOURCE_ACCESS_AUDIO_INPUT = NO;
				ENABLE_RESOURCE_ACCESS_CALENDARS = NO;
				ENABLE_RESOURCE_ACCESS_CAMERA = NO;
				ENABLE_RESOURCE_ACCESS_CONTACTS = NO;
				ENABLE_RESOURCE_ACCESS_LOCATION = NO;
				ENABLE_RESOURCE_ACCESS_PHOTO_LIBRARY = NO;
				ENABLE_USER_SCRIPT_SANDBOXING = NO;
				GENERATE_INFOPLIST_FILE = NO;
				INFOPLIST_FILE = Resources/Info.plist;
				INFOPLIST_KEY_CFBundleDisplayName = Passeport;
				INFOPLIST_KEY_LSApplicationCategoryType = "public.app-category.developer-tools";
				LD_RUNPATH_SEARCH_PATHS = (
					"$(inherited)",
					"@executable_path/../Frameworks",
				);
				MACOSX_DEPLOYMENT_TARGET = 26.0;
				MARKETING_VERSION = 0.2.0;
				PRODUCT_BUNDLE_IDENTIFIER = lol.mchal.passeport;
				PRODUCT_NAME = "$(TARGET_NAME)";
				PROVISIONING_PROFILE_SPECIFIER = "";
				RUNTIME_EXCEPTION_ALLOW_DYLD_ENVIRONMENT_VARIABLES = NO;
				RUNTIME_EXCEPTION_ALLOW_JIT = NO;
				RUNTIME_EXCEPTION_ALLOW_UNSIGNED_EXECUTABLE_MEMORY = NO;
				RUNTIME_EXCEPTION_DEBUGGING_TOOL = NO;
				RUNTIME_EXCEPTION_DISABLE_EXECUTABLE_PAGE_PROTECTION = NO;
				RUNTIME_EXCEPTION_DISABLE_LIBRARY_VALIDATION = NO;
				SWIFT_VERSION = 6.0;
			};
			name = Debug;
		};
		01F009000000000000000004 /* Release */ = {
			isa = XCBuildConfiguration;
			buildSettings = {
				ASSETCATALOG_COMPILER_APPICON_NAME = Passeport;
				ASSETCATALOG_COMPILER_INCLUDE_ALL_APPICON_ASSETS = YES;
				AUTOMATION_APPLE_EVENTS = NO;
				CODE_SIGN_IDENTITY = "Apple Development";
				"CODE_SIGN_IDENTITY[sdk=macosx*]" = "Apple Development";
				CODE_SIGN_STYLE = Automatic;
				COMBINE_HIDPI_IMAGES = YES;
				DEVELOPMENT_TEAM = XXM852QKZ8;
				ENABLE_HARDENED_RUNTIME = NO;
				ENABLE_RESOURCE_ACCESS_AUDIO_INPUT = NO;
				ENABLE_RESOURCE_ACCESS_CALENDARS = NO;
				ENABLE_RESOURCE_ACCESS_CAMERA = NO;
				ENABLE_RESOURCE_ACCESS_CONTACTS = NO;
				ENABLE_RESOURCE_ACCESS_LOCATION = NO;
				ENABLE_RESOURCE_ACCESS_PHOTO_LIBRARY = NO;
				ENABLE_USER_SCRIPT_SANDBOXING = NO;
				GENERATE_INFOPLIST_FILE = NO;
				INFOPLIST_FILE = Resources/Info.plist;
				INFOPLIST_KEY_CFBundleDisplayName = Passeport;
				INFOPLIST_KEY_LSApplicationCategoryType = "public.app-category.developer-tools";
				LD_RUNPATH_SEARCH_PATHS = (
					"$(inherited)",
					"@executable_path/../Frameworks",
				);
				MACOSX_DEPLOYMENT_TARGET = 26.0;
				MARKETING_VERSION = 0.2.0;
				PRODUCT_BUNDLE_IDENTIFIER = lol.mchal.passeport;
				PRODUCT_NAME = "$(TARGET_NAME)";
				PROVISIONING_PROFILE_SPECIFIER = "";
				RUNTIME_EXCEPTION_ALLOW_DYLD_ENVIRONMENT_VARIABLES = NO;
				RUNTIME_EXCEPTION_ALLOW_JIT = NO;
				RUNTIME_EXCEPTION_ALLOW_UNSIGNED_EXECUTABLE_MEMORY = NO;
				RUNTIME_EXCEPTION_DEBUGGING_TOOL = NO;
				RUNTIME_EXCEPTION_DISABLE_EXECUTABLE_PAGE_PROTECTION = NO;
				RUNTIME_EXCEPTION_DISABLE_LIBRARY_VALIDATION = NO;
				SWIFT_VERSION = 6.0;
			};
			name = Release;
		};
		01F009000000000000000005 /* Debug */ = {
			isa = XCBuildConfiguration;
			buildSettings = {
				BUNDLE_LOADER = "$(TEST_HOST)";
				CODE_SIGN_STYLE = Automatic;
				DEVELOPMENT_TEAM = XXM852QKZ8;
				GENERATE_INFOPLIST_FILE = YES;
				MACOSX_DEPLOYMENT_TARGET = 26.0;
				PRODUCT_BUNDLE_IDENTIFIER = lol.mchal.passeportTests;
				PRODUCT_NAME = "$(TARGET_NAME)";
				SWIFT_VERSION = 6.0;
				TEST_HOST = "$(BUILT_PRODUCTS_DIR)/Passeport.app/Contents/MacOS/Passeport";
			};
			name = Debug;
		};
		01F009000000000000000006 /* Release */ = {
			isa = XCBuildConfiguration;
			buildSettings = {
				BUNDLE_LOADER = "$(TEST_HOST)";
				CODE_SIGN_STYLE = Automatic;
				DEVELOPMENT_TEAM = XXM852QKZ8;
				GENERATE_INFOPLIST_FILE = YES;
				MACOSX_DEPLOYMENT_TARGET = 26.0;
				PRODUCT_BUNDLE_IDENTIFIER = lol.mchal.passeportTests;
				PRODUCT_NAME = "$(TARGET_NAME)";
				SWIFT_VERSION = 6.0;
				TEST_HOST = "$(BUILT_PRODUCTS_DIR)/Passeport.app/Contents/MacOS/Passeport";
			};
			name = Release;
		};
		01F009000000000000000007 /* Debug */ = {
			isa = XCBuildConfiguration;
			buildSettings = {
				CODE_SIGN_STYLE = Automatic;
				DEVELOPMENT_TEAM = XXM852QKZ8;
				GENERATE_INFOPLIST_FILE = YES;
				MACOSX_DEPLOYMENT_TARGET = 26.0;
				PRODUCT_BUNDLE_IDENTIFIER = lol.mchal.passeportUITests;
				PRODUCT_NAME = "$(TARGET_NAME)";
				SWIFT_VERSION = 6.0;
				TEST_TARGET_NAME = Passeport;
			};
			name = Debug;
		};
		01F009000000000000000008 /* Release */ = {
			isa = XCBuildConfiguration;
			buildSettings = {
				CODE_SIGN_STYLE = Automatic;
				DEVELOPMENT_TEAM = XXM852QKZ8;
				GENERATE_INFOPLIST_FILE = YES;
				MACOSX_DEPLOYMENT_TARGET = 26.0;
				PRODUCT_BUNDLE_IDENTIFIER = lol.mchal.passeportUITests;
				PRODUCT_NAME = "$(TARGET_NAME)";
				SWIFT_VERSION = 6.0;
				TEST_TARGET_NAME = Passeport;
			};
			name = Release;
		};
/* End XCBuildConfiguration section */

/* Begin XCConfigurationList section */
		01F008000000000000000001 /* Build configuration list for PBXProject "Passeport" */ = {
			isa = XCConfigurationList;
			buildConfigurations = (
				01F009000000000000000001 /* Debug */,
				01F009000000000000000002 /* Release */,
			);
			defaultConfigurationIsVisible = 0;
			defaultConfigurationName = Release;
		};
		01F008000000000000000002 /* Build configuration list for PBXNativeTarget "Passeport" */ = {
			isa = XCConfigurationList;
			buildConfigurations = (
				01F009000000000000000003 /* Debug */,
				01F009000000000000000004 /* Release */,
			);
			defaultConfigurationIsVisible = 0;
			defaultConfigurationName = Release;
		};
		01F008000000000000000003 /* Build configuration list for PBXNativeTarget "PasseportTests" */ = {
			isa = XCConfigurationList;
			buildConfigurations = (
				01F009000000000000000005 /* Debug */,
				01F009000000000000000006 /* Release */,
			);
			defaultConfigurationIsVisible = 0;
			defaultConfigurationName = Release;
		};
		01F008000000000000000004 /* Build configuration list for PBXNativeTarget "PasseportUITests" */ = {
			isa = XCConfigurationList;
			buildConfigurations = (
				01F009000000000000000007 /* Debug */,
				01F009000000000000000008 /* Release */,
			);
			defaultConfigurationIsVisible = 0;
			defaultConfigurationName = Release;
		};
/* End XCConfigurationList section */
	};
	rootObject = 01F005000000000000000001 /* Project object */;
}
